
Microsoft Visual Studio Solution File, Format Version 12.00
# Visual Studio 15
VisualStudioVersion = 15.0.27428.2015
MinimumVisualStudioVersion = 10.0.40219.1
Project("{FAE04EC0-301F-11D3-BF4B-00C04F79EFBC}") = "MexicanTrainDominos", "MexicanTrainDominos\MexicanTrainDominos.csproj", "{0DE770CC-BF43-49A4-BFA9-FC6EE7EC435D}"
EndProject
Project("{FAE04EC0-301F-11D3-BF4B-00C04F79EFBC}") = "DominoLibrary", "DominoLibrary\DominoLibrary.csproj", "{5A2D263A-9C0B-473D-92A5-03FFB71F93B2}"
EndProject
Global
	GlobalSection(SolutionConfigurationPlatforms) = preSolution
		Debug|Any CPU = Debug|Any CPU
		Release|Any CPU = Release|Any CPU
	EndGlobalSection
	GlobalSection(ProjectConfigurationPlatforms) = postSolution
		{0DE770CC-BF43-49A4-BFA9-FC6EE7EC435D}.Debug|Any CPU.ActiveCfg = Debug|Any CPU
		{0DE770CC-BF43-49A4-BFA9-FC6EE7EC435D}.Debug|Any CPU.Build.0 = Debug|Any CPU
		{0DE770CC-BF43-49A4-BFA9-FC6EE7EC435D}.Release|Any CPU.ActiveCfg = Release|Any CPU
		{0DE770CC-BF43-49A4-BFA9-FC6EE7EC435D}.Release|Any CPU.Build.0 = Release|Any CPU
		{5A2D263A-9C0B-473D-92A5-03FFB71F93B2}.Debug|Any CPU.ActiveCfg = Debug|Any CPU
		{5A2D263A-9C0B-473D-92A5-03FFB71F93B2}.Debug|Any CPU.Build.0 = Debug|Any CPU
		{5A2D263A-9C0B-473D-92A5-03FFB71F93B2}.Release|Any CPU.ActiveCfg = Release|Any CPU
		{5A2D263A-9C0B-473D-92A5-03FFB71F93B2}.Release|Any CPU.Build.0 = Release|Any CPU
	EndGlobalSection
	GlobalSection(SolutionProperties) = preSolution
		HideSolutionNode = FALSE
	EndGlobalSection
	GlobalSection(ExtensibilityGlobals) = postSolution
		SolutionGuid = {16C1CB83-4C01-466D-A34F-3360ADD149F5}
	EndGlobalSection
EndGlobal
